{
  "name": "any-menu-tauri",
  "version": "0.1.0",
  "lockfileVersion": 3,
  "requires": true,
  "packages": {
    "": {
      "name": "any-menu-tauri",
      "version": "0.1.0",
      "dependencies": {
        "@tauri-apps/api": "^2",
        "@tauri-apps/plugin-global-shortcut": "~2",
        "@tauri-apps/plugin-http": "~2.5.2",
        "@tauri-apps/plugin-log": "~2.7.0",
        "@tauri-apps/plugin-opener": "^2",
        "turndown": "^7.2.2"
      },
      "devDependencies": {
        "@tauri-apps/cli": "^2",
        "@types/turndown": "^5.0.6",
        "typescript": "~5.6.2",
        "vite": "^6.0.3"
      }
    },
    "../../node_modules/.pnpm/@tauri-apps+api@2.8.0/node_modules/@tauri-apps/api": {
      "version": "2.8.0",
      "license": "Apache-2.0 OR MIT",
      "devDependencies": {
        "@eslint/js": "^9.29.0",
        "@rollup/plugin-terser": "0.4.4",
        "@rollup/plugin-typescript": "12.1.4",
        "@types/eslint": "^9.6.1",
        "@types/node": "^22.15.32",
        "eslint": "^9.29.0",
        "eslint-config-prettier": "10.1.8",
        "eslint-plugin-security": "3.0.1",
        "fast-glob": "3.3.3",
        "globals": "^16.2.0",
        "rollup": "4.46.3",
        "tslib": "^2.8.1",
        "typescript": "^5.8.3",
        "typescript-eslint": "^8.34.1"
      },
      "funding": {
        "type": "opencollective",
        "url": "https://opencollective.com/tauri"
      }
    },
    "../../node_modules/.pnpm/@tauri-apps+cli@2.8.4/node_modules/@tauri-apps/cli": {
      "version": "2.8.4",
      "dev": true,
      "license": "Apache-2.0 OR MIT",
      "bin": {
        "tauri": "tauri.js"
      },
      "devDependencies": {
        "@napi-rs/cli": "^3.0.0",
        "@types/node": "^22.15.32",
        "cross-env": "10.0.0",
        "vitest": "^3.2.4"
      },
      "engines": {
        "node": ">= 10"
      },
      "funding": {
        "type": "opencollective",
        "url": "https://opencollective.com/tauri"
      },
      "optionalDependencies": {
        "@tauri-apps/cli-darwin-arm64": "2.8.4",
        "@tauri-apps/cli-darwin-x64": "2.8.4",
        "@tauri-apps/cli-linux-arm-gnueabihf": "2.8.4",
        "@tauri-apps/cli-linux-arm64-gnu": "2.8.4",
        "@tauri-apps/cli-linux-arm64-musl": "2.8.4",
        "@tauri-apps/cli-linux-riscv64-gnu": "2.8.4",
        "@tauri-apps/cli-linux-x64-gnu": "2.8.4",
        "@tauri-apps/cli-linux-x64-musl": "2.8.4",
        "@tauri-apps/cli-win32-arm64-msvc": "2.8.4",
        "@tauri-apps/cli-win32-ia32-msvc": "2.8.4",
        "@tauri-apps/cli-win32-x64-msvc": "2.8.4"
      }
    },
    "../../node_modules/.pnpm/@tauri-apps+plugin-global-shortcut@2.3.0/node_modules/@tauri-apps/plugin-global-shortcut": {
      "version": "2.3.0",
      "license": "MIT OR Apache-2.0",
      "dependencies": {
        "@tauri-apps/api": "^2.6.0"
      }
    },
    "../../node_modules/.pnpm/@tauri-apps+plugin-http@2.5.2/node_modules/@tauri-apps/plugin-http": {
      "version": "2.5.2",
      "license": "MIT OR Apache-2.0",
      "dependencies": {
        "@tauri-apps/api": "^2.8.0"
      }
    },
    "../../node_modules/.pnpm/@tauri-apps+plugin-log@2.7.0/node_modules/@tauri-apps/plugin-log": {
      "version": "2.7.0",
      "license": "MIT OR Apache-2.0",
      "dependencies": {
        "@tauri-apps/api": "^2.8.0"
      }
    },
    "../../node_modules/.pnpm/@tauri-apps+plugin-opener@2.5.0/node_modules/@tauri-apps/plugin-opener": {
      "version": "2.5.0",
      "license": "MIT OR Apache-2.0",
      "dependencies": {
        "@tauri-apps/api": "^2.8.0"
      }
    },
    "../../node_modules/.pnpm/turndown@7.2.2/node_modules/turndown": {
      "version": "7.2.2",
      "license": "MIT",
      "dependencies": {
        "@mixmark-io/domino": "^2.2.0"
      },
      "devDependencies": {
        "@rollup/plugin-commonjs": "^19.0.0",
        "@rollup/plugin-node-resolve": "13.0.0",
        "@rollup/plugin-replace": "2.4.2",
        "browserify": "17.0.0",
        "rewire": "^6.0.0",
        "rollup": "2.52.3",
        "standard": "^10.0.3",
        "turndown-attendant": "0.0.3"
      }
    },
    "../../node_modules/.pnpm/typescript@5.6.3/node_modules/typescript": {
      "version": "5.6.3",
      "dev": true,
      "license": "Apache-2.0",
      "bin": {
        "tsc": "bin/tsc",
        "tsserver": "bin/tsserver"
      },
      "devDependencies": {
        "@dprint/formatter": "^0.4.1",
        "@dprint/typescript": "0.91.6",
        "@esfx/canceltoken": "^1.0.0",
        "@eslint/js": "^9.9.0",
        "@octokit/rest": "^21.0.1",
        "@types/chai": "^4.3.17",
        "@types/diff": "^5.2.1",
        "@types/minimist": "^1.2.5",
        "@types/mocha": "^10.0.7",
        "@types/ms": "^0.7.34",
        "@types/node": "latest",
        "@types/source-map-support": "^0.5.10",
        "@types/which": "^3.0.4",
        "@typescript-eslint/rule-tester": "^8.1.0",
        "@typescript-eslint/type-utils": "^8.1.0",
        "@typescript-eslint/utils": "^8.1.0",
        "azure-devops-node-api": "^14.0.2",
        "c8": "^10.1.2",
        "chai": "^4.5.0",
        "chalk": "^4.1.2",
        "chokidar": "^3.6.0",
        "diff": "^5.2.0",
        "dprint": "^0.47.2",
        "esbuild": "^0.23.0",
        "eslint": "^9.9.0",
        "eslint-formatter-autolinkable-stylish": "^1.4.0",
        "eslint-plugin-regexp": "^2.6.0",
        "fast-xml-parser": "^4.4.1",
        "glob": "^10.4.5",
        "globals": "^15.9.0",
        "hereby": "^1.9.0",
        "jsonc-parser": "^3.3.1",
        "knip": "^5.27.2",
        "minimist": "^1.2.8",
        "mocha": "^10.7.3",
        "mocha-fivemat-progress-reporter": "^0.1.0",
        "monocart-coverage-reports": "^2.10.2",
        "ms": "^2.1.3",
        "node-fetch": "^3.3.2",
        "playwright": "^1.46.0",
        "source-map-support": "^0.5.21",
        "tslib": "^2.6.3",
        "typescript": "^5.5.4",
        "typescript-eslint": "^8.1.0",
        "which": "^3.0.1"
      },
      "engines": {
        "node": ">=14.17"
      }
    },
    "../../node_modules/.pnpm/vite@6.3.6/node_modules/vite": {
      "version": "6.3.6",
      "dev": true,
      "license": "MIT",
      "dependencies": {
        "esbuild": "^0.25.0",
        "fdir": "^6.4.4",
        "picomatch": "^4.0.2",
        "postcss": "^8.5.3",
        "rollup": "^4.34.9",
        "tinyglobby": "^0.2.13"
      },
      "bin": {
        "vite": "bin/vite.js"
      },
      "devDependencies": {
        "@ampproject/remapping": "^2.3.0",
        "@babel/parser": "^7.27.0",
        "@jridgewell/trace-mapping": "^0.3.25",
        "@polka/compression": "^1.0.0-next.25",
        "@rollup/plugin-alias": "^5.1.1",
        "@rollup/plugin-commonjs": "^28.0.3",
        "@rollup/plugin-dynamic-import-vars": "2.1.4",
        "@rollup/plugin-json": "^6.1.0",
        "@rollup/plugin-node-resolve": "16.0.1",
        "@rollup/pluginutils": "^5.1.4",
        "@types/escape-html": "^1.0.4",
        "@types/pnpapi": "^0.0.5",
        "artichokie": "^0.3.1",
        "cac": "^6.7.14",
        "chokidar": "^3.6.0",
        "connect": "^3.7.0",
        "convert-source-map": "^2.0.0",
        "cors": "^2.8.5",
        "cross-spawn": "^7.0.6",
        "debug": "^4.4.0",
        "dep-types": "link:./src/types",
        "dotenv": "^16.5.0",
        "dotenv-expand": "^12.0.2",
        "es-module-lexer": "^1.6.0",
        "escape-html": "^1.0.3",
        "estree-walker": "^3.0.3",
        "etag": "^1.8.1",
        "http-proxy": "^1.18.1",
        "launch-editor-middleware": "^2.10.0",
        "lightningcss": "^1.29.3",
        "magic-string": "^0.30.17",
        "mlly": "^1.7.4",
        "mrmime": "^2.0.1",
        "nanoid": "^5.1.5",
        "open": "^10.1.1",
        "parse5": "^7.2.1",
        "pathe": "^2.0.3",
        "periscopic": "^4.0.2",
        "picocolors": "^1.1.1",
        "postcss-import": "^16.1.0",
        "postcss-load-config": "^6.0.1",
        "postcss-modules": "^6.0.1",
        "resolve.exports": "^2.0.3",
        "rollup-plugin-dts": "^6.2.1",
        "rollup-plugin-esbuild": "^6.2.1",
        "rollup-plugin-license": "^3.6.0",
        "sass": "^1.86.3",
        "sass-embedded": "^1.86.3",
        "sirv": "^3.0.2",
        "source-map-support": "^0.5.21",
        "strip-literal": "^3.0.0",
        "terser": "^5.39.0",
        "tsconfck": "^3.1.5",
        "tslib": "^2.8.1",
        "types": "link:./types",
        "ufo": "^1.6.1",
        "ws": "^8.18.1"
      },
      "engines": {
        "node": "^18.0.0 || ^20.0.0 || >=22.0.0"
      },
      "funding": {
        "url": "https://github.com/vitejs/vite?sponsor=1"
      },
      "optionalDependencies": {
        "fsevents": "~2.3.3"
      },
      "peerDependencies": {
        "@types/node": "^18.0.0 || ^20.0.0 || >=22.0.0",
        "jiti": ">=1.21.0",
        "less": "*",
        "lightningcss": "^1.21.0",
        "sass": "*",
        "sass-embedded": "*",
        "stylus": "*",
        "sugarss": "*",
        "terser": "^5.16.0",
        "tsx": "^4.8.1",
        "yaml": "^2.4.2"
      },
      "peerDependenciesMeta": {
        "@types/node": {
          "optional": true
        },
        "jiti": {
          "optional": true
        },
        "less": {
          "optional": true
        },
        "lightningcss": {
          "optional": true
        },
        "sass": {
          "optional": true
        },
        "sass-embedded": {
          "optional": true
        },
        "stylus": {
          "optional": true
        },
        "sugarss": {
          "optional": true
        },
        "terser": {
          "optional": true
        },
        "tsx": {
          "optional": true
        },
        "yaml": {
          "optional": true
        }
      }
    },
    "node_modules/@tauri-apps/api": {
      "resolved": "../../node_modules/.pnpm/@tauri-apps+api@2.8.0/node_modules/@tauri-apps/api",
      "link": true
    },
    "node_modules/@tauri-apps/cli": {
      "resolved": "../../node_modules/.pnpm/@tauri-apps+cli@2.8.4/node_modules/@tauri-apps/cli",
      "link": true
    },
    "node_modules/@tauri-apps/plugin-global-shortcut": {
      "resolved": "../../node_modules/.pnpm/@tauri-apps+plugin-global-shortcut@2.3.0/node_modules/@tauri-apps/plugin-global-shortcut",
      "link": true
    },
    "node_modules/@tauri-apps/plugin-http": {
      "resolved": "../../node_modules/.pnpm/@tauri-apps+plugin-http@2.5.2/node_modules/@tauri-apps/plugin-http",
      "link": true
    },
    "node_modules/@tauri-apps/plugin-log": {
      "resolved": "../../node_modules/.pnpm/@tauri-apps+plugin-log@2.7.0/node_modules/@tauri-apps/plugin-log",
      "link": true
    },
    "node_modules/@tauri-apps/plugin-opener": {
      "resolved": "../../node_modules/.pnpm/@tauri-apps+plugin-opener@2.5.0/node_modules/@tauri-apps/plugin-opener",
      "link": true
    },
    "node_modules/@types/turndown": {
      "version": "5.0.6",
      "resolved": "https://registry.npmjs.org/@types/turndown/-/turndown-5.0.6.tgz",
      "integrity": "sha512-ru00MoyeeouE5BX4gRL+6m/BsDfbRayOskWqUvh7CLGW+UXxHQItqALa38kKnOiZPqJrtzJUgAC2+F0rL1S4Pg==",
      "dev": true,
      "license": "MIT"
    },
    "node_modules/turndown": {
      "resolved": "../../node_modules/.pnpm/turndown@7.2.2/node_modules/turndown",
      "link": true
    },
    "node_modules/typescript": {
      "resolved": "../../node_modules/.pnpm/typescript@5.6.3/node_modules/typescript",
      "link": true
    },
    "node_modules/vite": {
      "resolved": "../../node_modules/.pnpm/vite@6.3.6/node_modules/vite",
      "link": true
    }
  }
}
